
Microsoft Visual Studio Solution File, Format Version 12.00
# Visual Studio Version 17
VisualStudioVersion = 17.13.35806.99 d17.13
MinimumVisualStudioVersion = 10.0.40219.1
Project("{FAE04EC0-301F-11D3-BF4B-00C04F79EFBC}") = "ConsumirNFLWinForms", "ConsumirNFLWinForms\ConsumirNFLWinForms.csproj", "{9CFD2EBC-96E5-4B22-A9C1-EA7510ADACF2}"
EndProject
Global
	GlobalSection(SolutionConfigurationPlatforms) = preSolution
		Debug|Any CPU = Debug|Any CPU
		Release|Any CPU = Release|Any CPU
	EndGlobalSection
	GlobalSection(ProjectConfigurationPlatforms) = postSolution
		{9CFD2EBC-96E5-4B22-A9C1-EA7510ADACF2}.Debug|Any CPU.ActiveCfg = Debug|Any CPU
		{9CFD2EBC-96E5-4B22-A9C1-EA7510ADACF2}.Debug|Any CPU.Build.0 = Debug|Any CPU
		{9CFD2EBC-96E5-4B22-A9C1-EA7510ADACF2}.Release|Any CPU.ActiveCfg = Release|Any CPU
		{9CFD2EBC-96E5-4B22-A9C1-EA7510ADACF2}.Release|Any CPU.Build.0 = Release|Any CPU
	EndGlobalSection
	GlobalSection(SolutionProperties) = preSolution
		HideSolutionNode = FALSE
	EndGlobalSection
	GlobalSection(ExtensibilityGlobals) = postSolution
		SolutionGuid = {2E785AA5-E73D-4668-AA5A-8935B310E52A}
	EndGlobalSection
EndGlobal
